{
  "nodes": {
    "catppuccin": {
      "inputs": {
        "nixpkgs": "nixpkgs"
      },
      "locked": {
        "lastModified": 1786696832,
        "narHash": "sha256-wjdfX+jCJCJsteGD75xEfsDR3yATFFEx4mwelhlDXdU=",
        "owner": "catppuccin",
        "repo": "nix",
        "rev": "35d78c213b65e38789bcb359aae2380fcb4dc3e8",
        "type": "github"
      },
      "original": {
        "owner": "catppuccin",
        "repo": "nix",
        "type": "github"
      }
    },
    "home-manager": {
      "inputs": {
        "nixpkgs": [
          "nixpkgs"
        ]
      },
      "locked": {
        "lastModified": 1788229478,
        "narHash": "sha256-G0F2rFORVcFkEvVdE/qWQTnYekIc77YP5/vRF9nZlxU=",
        "owner": "nix-community",
        "repo": "home-manager",
        "rev": "1dc2d1f720ab17fc7981e087346bf54b26d284b1",
        "type": "github"
      },
      "original": {
        "owner": "nix-community",
        "repo": "home-manager",
        "type": "github"
      }
    },
    "nixpkgs": {
      "locked": {
        "lastModified": 1786534138,
        "narHash": "sha256-Cwffw7dPM56d8spt4/queFQ1cKg69D9qrsp+wfwKvfo=",
        "rev": "044bfe75bfe4c7bbe043dc17b5e42ea823b84a09",
        "type": "tarball",
        "url": "https://releases.nixos.org/nixpkgs/nixpkgs-26.11pre1052792.044bfe75bfe4/nixexprs.tar.xz"
      },
      "original": {
        "type": "tarball",
        "url": "https://channels.nixos.org/nixpkgs-unstable/nixexprs.tar.xz"
      }
    },
    "nixpkgs_2": {
      "locked": {
        "lastModified": 1788179007,
        "narHash": "sha256-hn1oU2rue2SYK8dAr8+WNZWtbsz1S2W5mnHlSEuh3bo=",
        "owner": "NixOS",
        "repo": "nixpkgs",
        "rev": "34ab99075ac4f7e40cf037eef32cb1c360bb85e9",
        "type": "github"
      },
      "original": {
        "owner": "NixOS",
        "ref": "nixos-unstable",
        "repo": "nixpkgs",
        "type": "github"
      }
    },
    "root": {
      "inputs": {
        "catppuccin": "catppuccin",
        "home-manager": "home-manager",
        "nixpkgs": "nixpkgs_2"
      }
    }
  },
  "root": "root",
  "version": 7
}
