{
  "nodes": {
    "catppuccin": {
      "inputs": {
        "nixpkgs": "nixpkgs"
      },
      "locked": {
        "lastModified": 1789553013,
        "narHash": "sha256-W5dvgFOuVs24X3G5tUb8C2IHU7ICXNvyGPiWWFjfbuo=",
        "owner": "catppuccin",
        "repo": "nix",
        "rev": "89b3eacf59d6b5eefbc2d69c3a4eb5aaf66d63bc",
        "type": "github"
      },
      "original": {
        "owner": "catppuccin",
        "repo": "nix",
        "type": "github"
      }
    },
    "home-manager": {
      "inputs": {
        "nixpkgs": [
          "nixpkgs"
        ]
      },
      "locked": {
        "lastModified": 1790359331,
        "narHash": "sha256-Obs1m3Rs5rTEWjZlOLSJYYAv7nEqQgogSMgWtOv8JBI=",
        "owner": "nix-community",
        "repo": "home-manager",
        "rev": "6fa0edfe6a025d4d98f44a6c0d704d690dce3378",
        "type": "github"
      },
      "original": {
        "owner": "nix-community",
        "repo": "home-manager",
        "type": "github"
      }
    },
    "nixpkgs": {
      "locked": {
        "lastModified": 1789044656,
        "narHash": "sha256-sDGcZgdRVR58ceKz0RmkBtdUomBvu5vzbf6Aw5rUCo0=",
        "rev": "1927682e0d808b4a695910f76562b11e2ddecab4",
        "type": "tarball",
        "url": "https://releases.nixos.org/nixpkgs/nixpkgs-26.11pre1070934.1927682e0d80/nixexprs.tar.xz"
      },
      "original": {
        "type": "tarball",
        "url": "https://channels.nixos.org/nixpkgs-unstable/nixexprs.tar.xz"
      }
    },
    "nixpkgs_2": {
      "locked": {
        "lastModified": 1790185690,
        "narHash": "sha256-xJ+X4hBtOcAFGBOe5nAMyMUeF9foJBmIOu3NjBqBycU=",
        "owner": "NixOS",
        "repo": "nixpkgs",
        "rev": "4975466d324710c576dc11ad614684e6bd8cad8e",
        "type": "github"
      },
      "original": {
        "owner": "NixOS",
        "ref": "nixos-unstable",
        "repo": "nixpkgs",
        "type": "github"
      }
    },
    "root": {
      "inputs": {
        "catppuccin": "catppuccin",
        "home-manager": "home-manager",
        "nixpkgs": "nixpkgs_2"
      }
    }
  },
  "root": "root",
  "version": 7
}
